// !$*UTF8*$!
{
	archiveVersion = 1;
	classes = {
	};
	objectVersion = 46;
	objects = {

/* Begin PBXBuildFile section */
		42A2727591305EF7B05E7DB5 /* Pods_LBFKTest.framework in Frameworks */ = {isa = PBXBuildFile; fileRef = BC303BA743EC7EB4FE443899 /* Pods_LBFKTest.framework */; };
		AA4CCFE81D28D17C001E5C82 /* LBCoreKit.framework in Frameworks */ = {isa = PBXBuildFile; fileRef = CBD8B6531D26467A00CB0E9B /* LBCoreKit.framework */; };
		CBD8B5F81D2645EE00CB0E9B /* main.m in Sources */ = {isa = PBXBuildFile; fileRef = CBD8B5F71D2645EE00CB0E9B /* main.m */; };
		CBD8B5FB1D2645EE00CB0E9B /* AppDelegate.m in Sources */ = {isa = PBXBuildFile; fileRef = CBD8B5FA1D2645EE00CB0E9B /* AppDelegate.m */; };
		CBD8B5FE1D2645EE00CB0E9B /* ViewController.m in Sources */ = {isa = PBXBuildFile; fileRef = CBD8B5FD1D2645EE00CB0E9B /* ViewController.m */; };
		CBD8B6011D2645EE00CB0E9B /* Main.storyboard in Resources */ = {isa = PBXBuildFile; fileRef = CBD8B5FF1D2645EE00CB0E9B /* Main.storyboard */; };
		CBD8B6031D2645EE00CB0E9B /* Assets.xcassets in Resources */ = {isa = PBXBuildFile; fileRef = CBD8B6021D2645EE00CB0E9B /* Assets.xcassets */; };
		CBD8B6061D2645EE00CB0E9B /* LaunchScreen.storyboard in Resources */ = {isa = PBXBuildFile; fileRef = CBD8B6041D2645EE00CB0E9B /* LaunchScreen.storyboard */; };
		CBD8B6111D2645EE00CB0E9B /* LBFKTestTests.m in Sources */ = {isa = PBXBuildFile; fileRef = CBD8B6101D2645EE00CB0E9B /* LBFKTestTests.m */; };
		CBD8B61C1D2645EE00CB0E9B /* LBFKTestUITests.m in Sources */ = {isa = PBXBuildFile; fileRef = CBD8B61B1D2645EE00CB0E9B /* LBFKTestUITests.m */; };
		CBD8B66D1D29FD1C00CB0E9B /* ASPopUpView.m in Sources */ = {isa = PBXBuildFile; fileRef = CBD8B66A1D29FD1C00CB0E9B /* ASPopUpView.m */; };
		CBD8B66E1D29FD1C00CB0E9B /* ASProgressPopUpView.m in Sources */ = {isa = PBXBuildFile; fileRef = CBD8B66C1D29FD1C00CB0E9B /* ASProgressPopUpView.m */; };
/* End PBXBuildFile section */

/* Begin PBXContainerItemProxy section */
		CBD8B60D1D2645EE00CB0E9B /* PBXContainerItemProxy */ = {
			isa = PBXContainerItemProxy;
			containerPortal = CBD8B5EB1D2645EE00CB0E9B /* Project object */;
			proxyType = 1;
			remoteGlobalIDString = CBD8B5F21D2645EE00CB0E9B;
			remoteInfo = LBFKTest;
		};
		CBD8B6181D2645EE00CB0E9B /* PBXContainerItemProxy */ = {
			isa = PBXContainerItemProxy;
			containerPortal = CBD8B5EB1D2645EE00CB0E9B /* Project object */;
			proxyType = 1;
			remoteGlobalIDString = CBD8B5F21D2645EE00CB0E9B;
			remoteInfo = LBFKTest;
		};
		CBD8B6521D26467A00CB0E9B /* PBXContainerItemProxy */ = {
			isa = PBXContainerItemProxy;
			containerPortal = CBD8B64D1D26467A00CB0E9B /* LBCoreKit.xcodeproj */;
			proxyType = 2;
			remoteGlobalIDString = CBD8B6331D26463600CB0E9B;
			remoteInfo = LBCoreKit;
		};
		CBD8B6541D26467A00CB0E9B /* PBXContainerItemProxy */ = {
			isa = PBXContainerItemProxy;
			containerPortal = CBD8B64D1D26467A00CB0E9B /* LBCoreKit.xcodeproj */;
			proxyType = 2;
			remoteGlobalIDString = CBD8B63D1D26463600CB0E9B;
			remoteInfo = LBCoreKitTests;
		};
/* End PBXContainerItemProxy section */

/* Begin PBXFileReference section */
		1BB8D48636B5931D9FD5EAF5 /* Pods-LBFKTest.release.xcconfig */ = {isa = PBXFileReference; includeInIndex = 1; lastKnownFileType = text.xcconfig; name = "Pods-LBFKTest.release.xcconfig"; path = "Pods/Target Support Files/Pods-LBFKTest/Pods-LBFKTest.release.xcconfig"; sourceTree = "<group>"; };
		BC303BA743EC7EB4FE443899 /* Pods_LBFKTest.framework */ = {isa = PBXFileReference; explicitFileType = wrapper.framework; includeInIndex = 0; path = Pods_LBFKTest.framework; sourceTree = BUILT_PRODUCTS_DIR; };
		CB1389707C5998015231A8F4 /* Pods-LBFKTest.debug.xcconfig */ = {isa = PBXFileReference; includeInIndex = 1; lastKnownFileType = text.xcconfig; name = "Pods-LBFKTest.debug.xcconfig"; path = "Pods/Target Support Files/Pods-LBFKTest/Pods-LBFKTest.debug.xcconfig"; sourceTree = "<group>"; };
		CBD8B5F31D2645EE00CB0E9B /* LBFKTest.app */ = {isa = PBXFileReference; explicitFileType = wrapper.application; includeInIndex = 0; path = LBFKTest.app; sourceTree = BUILT_PRODUCTS_DIR; };
		CBD8B5F71D2645EE00CB0E9B /* main.m */ = {isa = PBXFileReference; lastKnownFileType = sourcecode.c.objc; path = main.m; sourceTree = "<group>"; };
		CBD8B5F91D2645EE00CB0E9B /* AppDelegate.h */ = {isa = PBXFileReference; lastKnownFileType = sourcecode.c.h; path = AppDelegate.h; sourceTree = "<group>"; };
		CBD8B5FA1D2645EE00CB0E9B /* AppDelegate.m */ = {isa = PBXFileReference; lastKnownFileType = sourcecode.c.objc; path = AppDelegate.m; sourceTree = "<group>"; };
		CBD8B5FC1D2645EE00CB0E9B /* ViewController.h */ = {isa = PBXFileReference; lastKnownFileType = sourcecode.c.h; path = ViewController.h; sourceTree = "<group>"; };
		CBD8B5FD1D2645EE00CB0E9B /* ViewController.m */ = {isa = PBXFileReference; lastKnownFileType = sourcecode.c.objc; path = ViewController.m; sourceTree = "<group>"; };
		CBD8B6001D2645EE00CB0E9B /* Base */ = {isa = PBXFileReference; lastKnownFileType = file.storyboard; name = Base; path = Base.lproj/Main.storyboard; sourceTree = "<group>"; };
		CBD8B6021D2645EE00CB0E9B /* Assets.xcassets */ = {isa = PBXFileReference; lastKnownFileType = folder.assetcatalog; path = Assets.xcassets; sourceTree = "<group>"; };
		CBD8B6051D2645EE00CB0E9B /* Base */ = {isa = PBXFileReference; lastKnownFileType = file.storyboard; name = Base; path = Base.lproj/LaunchScreen.storyboard; sourceTree = "<group>"; };
		CBD8B6071D2645EE00CB0E9B /* Info.plist */ = {isa = PBXFileReference; lastKnownFileType = text.plist.xml; path = Info.plist; sourceTree = "<group>"; };
		CBD8B60C1D2645EE00CB0E9B /* LBFKTestTests.xctest */ = {isa = PBXFileReference; explicitFileType = wrapper.cfbundle; includeInIndex = 0; path = LBFKTestTests.xctest; sourceTree = BUILT_PRODUCTS_DIR; };
		CBD8B6101D2645EE00CB0E9B /* LBFKTestTests.m */ = {isa = PBXFileReference; lastKnownFileType = sourcecode.c.objc; path = LBFKTestTests.m; sourceTree = "<group>"; };
		CBD8B6121D2645EE00CB0E9B /* Info.plist */ = {isa = PBXFileReference; lastKnownFileType = text.plist.xml; path = Info.plist; sourceTree = "<group>"; };
		CBD8B6171D2645EE00CB0E9B /* LBFKTestUITests.xctest */ = {isa = PBXFileReference; explicitFileType = wrapper.cfbundle; includeInIndex = 0; path = LBFKTestUITests.xctest; sourceTree = BUILT_PRODUCTS_DIR; };
		CBD8B61B1D2645EE00CB0E9B /* LBFKTestUITests.m */ = {isa = PBXFileReference; lastKnownFileType = sourcecode.c.objc; path = LBFKTestUITests.m; sourceTree = "<group>"; };
		CBD8B61D1D2645EE00CB0E9B /* Info.plist */ = {isa = PBXFileReference; lastKnownFileType = text.plist.xml; path = Info.plist; sourceTree = "<group>"; };
		CBD8B64D1D26467A00CB0E9B /* LBCoreKit.xcodeproj */ = {isa = PBXFileReference; lastKnownFileType = "wrapper.pb-project"; name = LBCoreKit.xcodeproj; path = LBCoreKit/LBCoreKit.xcodeproj; sourceTree = "<group>"; };
		CBD8B6691D29FD1C00CB0E9B /* ASPopUpView.h */ = {isa = PBXFileReference; fileEncoding = 4; lastKnownFileType = sourcecode.c.h; path = ASPopUpView.h; sourceTree = "<group>"; };
		CBD8B66A1D29FD1C00CB0E9B /* ASPopUpView.m */ = {isa = PBXFileReference; fileEncoding = 4; lastKnownFileType = sourcecode.c.objc; path = ASPopUpView.m; sourceTree = "<group>"; };
		CBD8B66B1D29FD1C00CB0E9B /* ASProgressPopUpView.h */ = {isa = PBXFileReference; fileEncoding = 4; lastKnownFileType = sourcecode.c.h; path = ASProgressPopUpView.h; sourceTree = "<group>"; };
		CBD8B66C1D29FD1C00CB0E9B /* ASProgressPopUpView.m */ = {isa = PBXFileReference; fileEncoding = 4; lastKnownFileType = sourcecode.c.objc; path = ASProgressPopUpView.m; sourceTree = "<group>"; };
/* End PBXFileReference section */

/* Begin PBXFrameworksBuildPhase section */
		CBD8B5F01D2645EE00CB0E9B /* Frameworks */ = {
			isa = PBXFrameworksBuildPhase;
			buildActionMask = 2147483647;
			files = (
				AA4CCFE81D28D17C001E5C82 /* LBCoreKit.framework in Frameworks */,
				42A2727591305EF7B05E7DB5 /* Pods_LBFKTest.framework in Frameworks */,
			);
			runOnlyForDeploymentPostprocessing = 0;
		};
		CBD8B6091D2645EE00CB0E9B /* Frameworks */ = {
			isa = PBXFrameworksBuildPhase;
			buildActionMask = 2147483647;
			files = (
			);
			runOnlyForDeploymentPostprocessing = 0;
		};
		CBD8B6141D2645EE00CB0E9B /* Frameworks */ = {
			isa = PBXFrameworksBuildPhase;
			buildActionMask = 2147483647;
			files = (
			);
			runOnlyForDeploymentPostprocessing = 0;
		};
/* End PBXFrameworksBuildPhase section */

/* Begin PBXGroup section */
		955CA9434EB26E8AD71FFD38 /* Frameworks */ = {
			isa = PBXGroup;
			children = (
				BC303BA743EC7EB4FE443899 /* Pods_LBFKTest.framework */,
			);
			name = Frameworks;
			sourceTree = "<group>";
		};
		CBD8B5EA1D2645EE00CB0E9B = {
			isa = PBXGroup;
			children = (
				CBD8B5F51D2645EE00CB0E9B /* LBFKTest */,
				CBD8B60F1D2645EE00CB0E9B /* LBFKTestTests */,
				CBD8B61A1D2645EE00CB0E9B /* LBFKTestUITests */,
				CBD8B5F41D2645EE00CB0E9B /* Products */,
				FF9A4E688FE37F398F60CAA1 /* Pods */,
				955CA9434EB26E8AD71FFD38 /* Frameworks */,
			);
			sourceTree = "<group>";
		};
		CBD8B5F41D2645EE00CB0E9B /* Products */ = {
			isa = PBXGroup;
			children = (
				CBD8B5F31D2645EE00CB0E9B /* LBFKTest.app */,
				CBD8B60C1D2645EE00CB0E9B /* LBFKTestTests.xctest */,
				CBD8B6171D2645EE00CB0E9B /* LBFKTestUITests.xctest */,
			);
			name = Products;
			sourceTree = "<group>";
		};
		CBD8B5F51D2645EE00CB0E9B /* LBFKTest */ = {
			isa = PBXGroup;
			children = (
				CBD8B64D1D26467A00CB0E9B /* LBCoreKit.xcodeproj */,
				CBD8B5F91D2645EE00CB0E9B /* AppDelegate.h */,
				CBD8B5FA1D2645EE00CB0E9B /* AppDelegate.m */,
				CBD8B5FC1D2645EE00CB0E9B /* ViewController.h */,
				CBD8B5FD1D2645EE00CB0E9B /* ViewController.m */,
				CBD8B6681D29FD1C00CB0E9B /* ASProgressPopUpView */,
				CBD8B5FF1D2645EE00CB0E9B /* Main.storyboard */,
				CBD8B6021D2645EE00CB0E9B /* Assets.xcassets */,
				CBD8B6041D2645EE00CB0E9B /* LaunchScreen.storyboard */,
				CBD8B6071D2645EE00CB0E9B /* Info.plist */,
				CBD8B5F61D2645EE00CB0E9B /* Supporting Files */,
			);
			path = LBFKTest;
			sourceTree = "<group>";
		};
		CBD8B5F61D2645EE00CB0E9B /* Supporting Files */ = {
			isa = PBXGroup;
			children = (
				CBD8B5F71D2645EE00CB0E9B /* main.m */,
			);
			name = "Supporting Files";
			sourceTree = "<group>";
		};
		CBD8B60F1D2645EE00CB0E9B /* LBFKTestTests */ = {
			isa = PBXGroup;
			children = (
				CBD8B6101D2645EE00CB0E9B /* LBFKTestTests.m */,
				CBD8B6121D2645EE00CB0E9B /* Info.plist */,
			);
			path = LBFKTestTests;
			sourceTree = "<group>";
		};
		CBD8B61A1D2645EE00CB0E9B /* LBFKTestUITests */ = {
			isa = PBXGroup;
			children = (
				CBD8B61B1D2645EE00CB0E9B /* LBFKTestUITests.m */,
				CBD8B61D1D2645EE00CB0E9B /* Info.plist */,
			);
			path = LBFKTestUITests;
			sourceTree = "<group>";
		};
		CBD8B64E1D26467A00CB0E9B /* Products */ = {
			isa = PBXGroup;
			children = (
				CBD8B6531D26467A00CB0E9B /* LBCoreKit.framework */,
				CBD8B6551D26467A00CB0E9B /* LBCoreKitTests.xctest */,
			);
			name = Products;
			sourceTree = "<group>";
		};
		CBD8B6681D29FD1C00CB0E9B /* ASProgressPopUpView */ = {
			isa = PBXGroup;
			children = (
				CBD8B6691D29FD1C00CB0E9B /* ASPopUpView.h */,
				CBD8B66A1D29FD1C00CB0E9B /* ASPopUpView.m */,
				CBD8B66B1D29FD1C00CB0E9B /* ASProgressPopUpView.h */,
				CBD8B66C1D29FD1C00CB0E9B /* ASProgressPopUpView.m */,
			);
			path = ASProgressPopUpView;
			sourceTree = "<group>";
		};
		FF9A4E688FE37F398F60CAA1 /* Pods */ = {
			isa = PBXGroup;
			children = (
				CB1389707C5998015231A8F4 /* Pods-LBFKTest.debug.xcconfig */,
				1BB8D48636B5931D9FD5EAF5 /* Pods-LBFKTest.release.xcconfig */,
			);
			name = Pods;
			sourceTree = "<group>";
		};
/* End PBXGroup section */

/* Begin PBXNativeTarget section */
		CBD8B5F21D2645EE00CB0E9B /* LBFKTest */ = {
			isa = PBXNativeTarget;
			buildConfigurationList = CBD8B6201D2645EE00CB0E9B /* Build configuration list for PBXNativeTarget "LBFKTest" */;
			buildPhases = (
				8D577E8956F1884FC1D0217A /* 📦 Check Pods Manifest.lock */,
				CBD8B5EF1D2645EE00CB0E9B /* Sources */,
				CBD8B5F01D2645EE00CB0E9B /* Frameworks */,
				CBD8B5F11D2645EE00CB0E9B /* Resources */,
				D3979AD8943982D58C1D8D56 /* 📦 Embed Pods Frameworks */,
				0DB36BF45F02302E482CAA80 /* 📦 Copy Pods Resources */,
			);
			buildRules = (
			);
			dependencies = (
			);
			name = LBFKTest;
			productName = LBFKTest;
			productReference = CBD8B5F31D2645EE00CB0E9B /* LBFKTest.app */;
			productType = "com.apple.product-type.application";
		};
		CBD8B60B1D2645EE00CB0E9B /* LBFKTestTests */ = {
			isa = PBXNativeTarget;
			buildConfigurationList = CBD8B6231D2645EE00CB0E9B /* Build configuration list for PBXNativeTarget "LBFKTestTests" */;
			buildPhases = (
				CBD8B6081D2645EE00CB0E9B /* Sources */,
				CBD8B6091D2645EE00CB0E9B /* Frameworks */,
				CBD8B60A1D2645EE00CB0E9B /* Resources */,
			);
			buildRules = (
			);
			dependencies = (
				CBD8B60E1D2645EE00CB0E9B /* PBXTargetDependency */,
			);
			name = LBFKTestTests;
			productName = LBFKTestTests;
			productReference = CBD8B60C1D2645EE00CB0E9B /* LBFKTestTests.xctest */;
			productType = "com.apple.product-type.bundle.unit-test";
		};
		CBD8B6161D2645EE00CB0E9B /* LBFKTestUITests */ = {
			isa = PBXNativeTarget;
			buildConfigurationList = CBD8B6261D2645EE00CB0E9B /* Build configuration list for PBXNativeTarget "LBFKTestUITests" */;
			buildPhases = (
				CBD8B6131D2645EE00CB0E9B /* Sources */,
				CBD8B6141D2645EE00CB0E9B /* Frameworks */,
				CBD8B6151D2645EE00CB0E9B /* Resources */,
			);
			buildRules = (
			);
			dependencies = (
				CBD8B6191D2645EE00CB0E9B /* PBXTargetDependency */,
			);
			name = LBFKTestUITests;
			productName = LBFKTestUITests;
			productReference = CBD8B6171D2645EE00CB0E9B /* LBFKTestUITests.xctest */;
			productType = "com.apple.product-type.bundle.ui-testing";
		};
/* End PBXNativeTarget section */

/* Begin PBXProject section */
		CBD8B5EB1D2645EE00CB0E9B /* Project object */ = {
			isa = PBXProject;
			attributes = {
				LastUpgradeCheck = 0730;
				ORGANIZATIONNAME = LonelyBanana;
				TargetAttributes = {
					CBD8B5F21D2645EE00CB0E9B = {
						CreatedOnToolsVersion = 7.3.1;
					};
					CBD8B60B1D2645EE00CB0E9B = {
						CreatedOnToolsVersion = 7.3.1;
						TestTargetID = CBD8B5F21D2645EE00CB0E9B;
					};
					CBD8B6161D2645EE00CB0E9B = {
						CreatedOnToolsVersion = 7.3.1;
						TestTargetID = CBD8B5F21D2645EE00CB0E9B;
					};
				};
			};
			buildConfigurationList = CBD8B5EE1D2645EE00CB0E9B /* Build configuration list for PBXProject "LBFKTest" */;
			compatibilityVersion = "Xcode 3.2";
			developmentRegion = English;
			hasScannedForEncodings = 0;
			knownRegions = (
				en,
				Base,
			);
			mainGroup = CBD8B5EA1D2645EE00CB0E9B;
			productRefGroup = CBD8B5F41D2645EE00CB0E9B /* Products */;
			projectDirPath = "";
			projectReferences = (
				{
					ProductGroup = CBD8B64E1D26467A00CB0E9B /* Products */;
					ProjectRef = CBD8B64D1D26467A00CB0E9B /* LBCoreKit.xcodeproj */;
				},
			);
			projectRoot = "";
			targets = (
				CBD8B5F21D2645EE00CB0E9B /* LBFKTest */,
				CBD8B60B1D2645EE00CB0E9B /* LBFKTestTests */,
				CBD8B6161D2645EE00CB0E9B /* LBFKTestUITests */,
			);
		};
/* End PBXProject section */

/* Begin PBXReferenceProxy section */
		CBD8B6531D26467A00CB0E9B /* LBCoreKit.framework */ = {
			isa = PBXReferenceProxy;
			fileType = wrapper.framework;
			path = LBCoreKit.framework;
			remoteRef = CBD8B6521D26467A00CB0E9B /* PBXContainerItemProxy */;
			sourceTree = BUILT_PRODUCTS_DIR;
		};
		CBD8B6551D26467A00CB0E9B /* LBCoreKitTests.xctest */ = {
			isa = PBXReferenceProxy;
			fileType = wrapper.cfbundle;
			path = LBCoreKitTests.xctest;
			remoteRef = CBD8B6541D26467A00CB0E9B /* PBXContainerItemProxy */;
			sourceTree = BUILT_PRODUCTS_DIR;
		};
/* End PBXReferenceProxy section */

/* Begin PBXResourcesBuildPhase section */
		CBD8B5F11D2645EE00CB0E9B /* Resources */ = {
			isa = PBXResourcesBuildPhase;
			buildActionMask = 2147483647;
			files = (
				CBD8B6061D2645EE00CB0E9B /* LaunchScreen.storyboard in Resources */,
				CBD8B6031D2645EE00CB0E9B /* Assets.xcassets in Resources */,
				CBD8B6011D2645EE00CB0E9B /* Main.storyboard in Resources */,
			);
			runOnlyForDeploymentPostprocessing = 0;
		};
		CBD8B60A1D2645EE00CB0E9B /* Resources */ = {
			isa = PBXResourcesBuildPhase;
			buildActionMask = 2147483647;
			files = (
			);
			runOnlyForDeploymentPostprocessing = 0;
		};
		CBD8B6151D2645EE00CB0E9B /* Resources */ = {
			isa = PBXResourcesBuildPhase;
			buildActionMask = 2147483647;
			files = (
			);
			runOnlyForDeploymentPostprocessing = 0;
		};
/* End PBXResourcesBuildPhase section */

/* Begin PBXShellScriptBuildPhase section */
		0DB36BF45F02302E482CAA80 /* 📦 Copy Pods Resources */ = {
			isa = PBXShellScriptBuildPhase;
			buildActionMask = 2147483647;
			files = (
			);
			inputPaths = (
			);
			name = "📦 Copy Pods Resources";
			outputPaths = (
			);
			runOnlyForDeploymentPostprocessing = 0;
			shellPath = /bin/sh;
			shellScript = "\"${SRCROOT}/Pods/Target Support Files/Pods-LBFKTest/Pods-LBFKTest-resources.sh\"\n";
			showEnvVarsInLog = 0;
		};
		8D577E8956F1884FC1D0217A /* 📦 Check Pods Manifest.lock */ = {
			isa = PBXShellScriptBuildPhase;
			buildActionMask = 2147483647;
			files = (
			);
			inputPaths = (
			);
			name = "📦 Check Pods Manifest.lock";
			outputPaths = (
			);
			runOnlyForDeploymentPostprocessing = 0;
			shellPath = /bin/sh;
			shellScript = "diff \"${PODS_ROOT}/../Podfile.lock\" \"${PODS_ROOT}/Manifest.lock\" > /dev/null\nif [[ $? != 0 ]] ; then\n    cat << EOM\nerror: The sandbox is not in sync with the Podfile.lock. Run 'pod install' or update your CocoaPods installation.\nEOM\n    exit 1\nfi\n";
			showEnvVarsInLog = 0;
		};
		D3979AD8943982D58C1D8D56 /* 📦 Embed Pods Frameworks */ = {
			isa = PBXShellScriptBuildPhase;
			buildActionMask = 2147483647;
			files = (
			);
			inputPaths = (
			);
			name = "📦 Embed Pods Frameworks";
			outputPaths = (
			);
			runOnlyForDeploymentPostprocessing = 0;
			shellPath = /bin/sh;
			shellScript = "\"${SRCROOT}/Pods/Target Support Files/Pods-LBFKTest/Pods-LBFKTest-frameworks.sh\"\n";
			showEnvVarsInLog = 0;
		};
/* End PBXShellScriptBuildPhase section */

/* Begin PBXSourcesBuildPhase section */
		CBD8B5EF1D2645EE00CB0E9B /* Sources */ = {
			isa = PBXSourcesBuildPhase;
			buildActionMask = 2147483647;
			files = (
				CBD8B5FE1D2645EE00CB0E9B /* ViewController.m in Sources */,
				CBD8B5FB1D2645EE00CB0E9B /* AppDelegate.m in Sources */,
				CBD8B5F81D2645EE00CB0E9B /* main.m in Sources */,
				CBD8B66E1D29FD1C00CB0E9B /* ASProgressPopUpView.m in Sources */,
				CBD8B66D1D29FD1C00CB0E9B /* ASPopUpView.m in Sources */,
			);
			runOnlyForDeploymentPostprocessing = 0;
		};
		CBD8B6081D2645EE00CB0E9B /* Sources */ = {
			isa = PBXSourcesBuildPhase;
			buildActionMask = 2147483647;
			files = (
				CBD8B6111D2645EE00CB0E9B /* LBFKTestTests.m in Sources */,
			);
			runOnlyForDeploymentPostprocessing = 0;
		};
		CBD8B6131D2645EE00CB0E9B /* Sources */ = {
			isa = PBXSourcesBuildPhase;
			buildActionMask = 2147483647;
			files = (
				CBD8B61C1D2645EE00CB0E9B /* LBFKTestUITests.m in Sources */,
			);
			runOnlyForDeploymentPostprocessing = 0;
		};
/* End PBXSourcesBuildPhase section */

/* Begin PBXTargetDependency section */
		CBD8B60E1D2645EE00CB0E9B /* PBXTargetDependency */ = {
			isa = PBXTargetDependency;
			target = CBD8B5F21D2645EE00CB0E9B /* LBFKTest */;
			targetProxy = CBD8B60D1D2645EE00CB0E9B /* PBXContainerItemProxy */;
		};
		CBD8B6191D2645EE00CB0E9B /* PBXTargetDependency */ = {
			isa = PBXTargetDependency;
			target = CBD8B5F21D2645EE00CB0E9B /* LBFKTest */;
			targetProxy = CBD8B6181D2645EE00CB0E9B /* PBXContainerItemProxy */;
		};
/* End PBXTargetDependency section */

/* Begin PBXVariantGroup section */
		CBD8B5FF1D2645EE00CB0E9B /* Main.storyboard */ = {
			isa = PBXVariantGroup;
			children = (
				CBD8B6001D2645EE00CB0E9B /* Base */,
			);
			name = Main.storyboard;
			sourceTree = "<group>";
		};
		CBD8B6041D2645EE00CB0E9B /* LaunchScreen.storyboard */ = {
			isa = PBXVariantGroup;
			children = (
				CBD8B6051D2645EE00CB0E9B /* Base */,
			);
			name = LaunchScreen.storyboard;
			sourceTree = "<group>";
		};
/* End PBXVariantGroup section */

/* Begin XCBuildConfiguration section */
		CBD8B61E1D2645EE00CB0E9B /* Debug */ = {
			isa = XCBuildConfiguration;
			buildSettings = {
				ALWAYS_SEARCH_USER_PATHS = NO;
				CLANG_ANALYZER_NONNULL = YES;
				CLANG_CXX_LANGUAGE_STANDARD = "gnu++0x";
				CLANG_CXX_LIBRARY = "libc++";
				CLANG_ENABLE_MODULES = YES;
				CLANG_ENABLE_OBJC_ARC = YES;
				CLANG_WARN_BOOL_CONVERSION = YES;
				CLANG_WARN_CONSTANT_CONVERSION = YES;
				CLANG_WARN_DIRECT_OBJC_ISA_USAGE = YES_ERROR;
				CLANG_WARN_EMPTY_BODY = YES;
				CLANG_WARN_ENUM_CONVERSION = YES;
				CLANG_WARN_INT_CONVERSION = YES;
				CLANG_WARN_OBJC_ROOT_CLASS = YES_ERROR;
				CLANG_WARN_UNREACHABLE_CODE = YES;
				CLANG_WARN__DUPLICATE_METHOD_MATCH = YES;
				"CODE_SIGN_IDENTITY[sdk=iphoneos*]" = "iPhone Developer";
				COPY_PHASE_STRIP = NO;
				DEBUG_INFORMATION_FORMAT = dwarf;
				ENABLE_STRICT_OBJC_MSGSEND = YES;
				ENABLE_TESTABILITY = YES;
				GCC_C_LANGUAGE_STANDARD = gnu99;
				GCC_DYNAMIC_NO_PIC = NO;
				GCC_NO_COMMON_BLOCKS = YES;
				GCC_OPTIMIZATION_LEVEL = 0;
				GCC_PREPROCESSOR_DEFINITIONS = (
					"DEBUG=1",
					"$(inherited)",
				);
				GCC_WARN_64_TO_32_BIT_CONVERSION = YES;
				GCC_WARN_ABOUT_RETURN_TYPE = YES_ERROR;
				GCC_WARN_UNDECLARED_SELECTOR = YES;
				GCC_WARN_UNINITIALIZED_AUTOS = YES_AGGRESSIVE;
				GCC_WARN_UNUSED_FUNCTION = YES;
				GCC_WARN_UNUSED_VARIABLE = YES;
				IPHONEOS_DEPLOYMENT_TARGET = 9.3;
				MTL_ENABLE_DEBUG_INFO = YES;
				ONLY_ACTIVE_ARCH = YES;
				SDKROOT = iphoneos;
			};
			name = Debug;
		};
		CBD8B61F1D2645EE00CB0E9B /* Release */ = {
			isa = XCBuildConfiguration;
			buildSettings = {
				ALWAYS_SEARCH_USER_PATHS = NO;
				CLANG_ANALYZER_NONNULL = YES;
				CLANG_CXX_LANGUAGE_STANDARD = "gnu++0x";
				CLANG_CXX_LIBRARY = "libc++";
				CLANG_ENABLE_MODULES = YES;
				CLANG_ENABLE_OBJC_ARC = YES;
				CLANG_WARN_BOOL_CONVERSION = YES;
				CLANG_WARN_CONSTANT_CONVERSION = YES;
				CLANG_WARN_DIRECT_OBJC_ISA_USAGE = YES_ERROR;
				CLANG_WARN_EMPTY_BODY = YES;
				CLANG_WARN_ENUM_CONVERSION = YES;
				CLANG_WARN_INT_CONVERSION = YES;
				CLANG_WARN_OBJC_ROOT_CLASS = YES_ERROR;
				CLANG_WARN_UNREACHABLE_CODE = YES;
				CLANG_WARN__DUPLICATE_METHOD_MATCH = YES;
				"CODE_SIGN_IDENTITY[sdk=iphoneos*]" = "iPhone Developer";
				COPY_PHASE_STRIP = NO;
				DEBUG_INFORMATION_FORMAT = "dwarf-with-dsym";
				ENABLE_NS_ASSERTIONS = NO;
				ENABLE_STRICT_OBJC_MSGSEND = YES;
				GCC_C_LANGUAGE_STANDARD = gnu99;
				GCC_NO_COMMON_BLOCKS = YES;
				GCC_WARN_64_TO_32_BIT_CONVERSION = YES;
				GCC_WARN_ABOUT_RETURN_TYPE = YES_ERROR;
				GCC_WARN_UNDECLARED_SELECTOR = YES;
				GCC_WARN_UNINITIALIZED_AUTOS = YES_AGGRESSIVE;
				GCC_WARN_UNUSED_FUNCTION = YES;
				GCC_WARN_UNUSED_VARIABLE = YES;
				IPHONEOS_DEPLOYMENT_TARGET = 9.3;
				MTL_ENABLE_DEBUG_INFO = NO;
				SDKROOT = iphoneos;
				VALIDATE_PRODUCT = YES;
			};
			name = Release;
		};
		CBD8B6211D2645EE00CB0E9B /* Debug */ = {
			isa = XCBuildConfiguration;
			baseConfigurationReference = CB1389707C5998015231A8F4 /* Pods-LBFKTest.debug.xcconfig */;
			buildSettings = {
				ASSETCATALOG_COMPILER_APPICON_NAME = AppIcon;
				INFOPLIST_FILE = LBFKTest/Info.plist;
				LD_RUNPATH_SEARCH_PATHS = "$(inherited) @executable_path/Frameworks";
				PRODUCT_BUNDLE_IDENTIFIER = com.lonelyBanana.www.LBFKTest;
				PRODUCT_NAME = "$(TARGET_NAME)";
			};
			name = Debug;
		};
		CBD8B6221D2645EE00CB0E9B /* Release */ = {
			isa = XCBuildConfiguration;
			baseConfigurationReference = 1BB8D48636B5931D9FD5EAF5 /* Pods-LBFKTest.release.xcconfig */;
			buildSettings = {
				ASSETCATALOG_COMPILER_APPICON_NAME = AppIcon;
				INFOPLIST_FILE = LBFKTest/Info.plist;
				LD_RUNPATH_SEARCH_PATHS = "$(inherited) @executable_path/Frameworks";
				PRODUCT_BUNDLE_IDENTIFIER = com.lonelyBanana.www.LBFKTest;
				PRODUCT_NAME = "$(TARGET_NAME)";
			};
			name = Release;
		};
		CBD8B6241D2645EE00CB0E9B /* Debug */ = {
			isa = XCBuildConfiguration;
			buildSettings = {
				BUNDLE_LOADER = "$(TEST_HOST)";
				INFOPLIST_FILE = LBFKTestTests/Info.plist;
				LD_RUNPATH_SEARCH_PATHS = "$(inherited) @executable_path/Frameworks @loader_path/Frameworks";
				PRODUCT_BUNDLE_IDENTIFIER = com.lonelyBanana.www.LBFKTestTests;
				PRODUCT_NAME = "$(TARGET_NAME)";
				TEST_HOST = "$(BUILT_PRODUCTS_DIR)/LBFKTest.app/LBFKTest";
			};
			name = Debug;
		};
		CBD8B6251D2645EE00CB0E9B /* Release */ = {
			isa = XCBuildConfiguration;
			buildSettings = {
				BUNDLE_LOADER = "$(TEST_HOST)";
				INFOPLIST_FILE = LBFKTestTests/Info.plist;
				LD_RUNPATH_SEARCH_PATHS = "$(inherited) @executable_path/Frameworks @loader_path/Frameworks";
				PRODUCT_BUNDLE_IDENTIFIER = com.lonelyBanana.www.LBFKTestTests;
				PRODUCT_NAME = "$(TARGET_NAME)";
				TEST_HOST = "$(BUILT_PRODUCTS_DIR)/LBFKTest.app/LBFKTest";
			};
			name = Release;
		};
		CBD8B6271D2645EE00CB0E9B /* Debug */ = {
			isa = XCBuildConfiguration;
			buildSettings = {
				INFOPLIST_FILE = LBFKTestUITests/Info.plist;
				LD_RUNPATH_SEARCH_PATHS = "$(inherited) @executable_path/Frameworks @loader_path/Frameworks";
				PRODUCT_BUNDLE_IDENTIFIER = com.lonelyBanana.www.LBFKTestUITests;
				PRODUCT_NAME = "$(TARGET_NAME)";
				TEST_TARGET_NAME = LBFKTest;
			};
			name = Debug;
		};
		CBD8B6281D2645EE00CB0E9B /* Release */ = {
			isa = XCBuildConfiguration;
			buildSettings = {
				INFOPLIST_FILE = LBFKTestUITests/Info.plist;
				LD_RUNPATH_SEARCH_PATHS = "$(inherited) @executable_path/Frameworks @loader_path/Frameworks";
				PRODUCT_BUNDLE_IDENTIFIER = com.lonelyBanana.www.LBFKTestUITests;
				PRODUCT_NAME = "$(TARGET_NAME)";
				TEST_TARGET_NAME = LBFKTest;
			};
			name = Release;
		};
/* End XCBuildConfiguration section */

/* Begin XCConfigurationList section */
		CBD8B5EE1D2645EE00CB0E9B /* Build configuration list for PBXProject "LBFKTest" */ = {
			isa = XCConfigurationList;
			buildConfigurations = (
				CBD8B61E1D2645EE00CB0E9B /* Debug */,
				CBD8B61F1D2645EE00CB0E9B /* Release */,
			);
			defaultConfigurationIsVisible = 0;
			defaultConfigurationName = Release;
		};
		CBD8B6201D2645EE00CB0E9B /* Build configuration list for PBXNativeTarget "LBFKTest" */ = {
			isa = XCConfigurationList;
			buildConfigurations = (
				CBD8B6211D2645EE00CB0E9B /* Debug */,
				CBD8B6221D2645EE00CB0E9B /* Release */,
			);
			defaultConfigurationIsVisible = 0;
			defaultConfigurationName = Release;
		};
		CBD8B6231D2645EE00CB0E9B /* Build configuration list for PBXNativeTarget "LBFKTestTests" */ = {
			isa = XCConfigurationList;
			buildConfigurations = (
				CBD8B6241D2645EE00CB0E9B /* Debug */,
				CBD8B6251D2645EE00CB0E9B /* Release */,
			);
			defaultConfigurationIsVisible = 0;
			defaultConfigurationName = Release;
		};
		CBD8B6261D2645EE00CB0E9B /* Build configuration list for PBXNativeTarget "LBFKTestUITests" */ = {
			isa = XCConfigurationList;
			buildConfigurations = (
				CBD8B6271D2645EE00CB0E9B /* Debug */,
				CBD8B6281D2645EE00CB0E9B /* Release */,
			);
			defaultConfigurationIsVisible = 0;
			defaultConfigurationName = Release;
		};
/* End XCConfigurationList section */
	};
	rootObject = CBD8B5EB1D2645EE00CB0E9B /* Project object */;
}
